
Microsoft Visual Studio Solution File, Format Version 12.00
# Visual Studio Version 17
VisualStudioVersion = 17.2.32630.192
MinimumVisualStudioVersion = 10.0.40219.1
Project("{2150E333-8FDC-42A3-9474-1A3956D46DE8}") = "Models", "Models", "{677ECDC0-9125-4E30-8B8C-E0CC5F98DFF5}"
EndProject
Project("{9A19103F-16F7-4668-BE54-9A1E7A4F7556}") = "ApplicationInfoCollector", "Models\ApplicationInfoCollector\ApplicationInfoCollector.csproj", "{54957DCE-658B-4057-82DF-1AE2679DFCEB}"
EndProject
Project("{9A19103F-16F7-4668-BE54-9A1E7A4F7556}") = "CrossServiceReporter", "Models\CrossServiceReporter\CrossServiceReporter.csproj", "{1F43C496-63EF-41D8-ADA0-39862677302E}"
EndProject
Project("{9A19103F-16F7-4668-BE54-9A1E7A4F7556}") = "CrossServiceUploader", "Models\CrossServiceUploader\CrossServiceUploader.csproj", "{ECE3A759-0580-47DC-8FD9-17F3A987DA67}"
EndProject
Project("{9A19103F-16F7-4668-BE54-9A1E7A4F7556}") = "IssueAssetCollector", "Models\IssueAssetCollector\IssueAssetCollector.csproj", "{6E5DBE53-A122-4CF3-8881-3223C2918F2A}"
EndProject
Project("{9A19103F-16F7-4668-BE54-9A1E7A4F7556}") = "ModelEvent", "Models\ModelEvent\ModelEvent.csproj", "{7F470DCB-EC9D-44A5-9E66-FAD44223951E}"
EndProject
Project("{9A19103F-16F7-4668-BE54-9A1E7A4F7556}") = "ProcessLink", "Models\ProcessLink\ProcessLink.csproj", "{CA925BF6-4D4A-450E-98FC-F54B06662E54}"
EndProject
Project("{2150E333-8FDC-42A3-9474-1A3956D46DE8}") = "Collector", "Collector", "{D6B16B2E-F82F-4A31-A283-375B36BCF1E9}"
EndProject
Project("{9A19103F-16F7-4668-BE54-9A1E7A4F7556}") = "BocchiTracker.UnitTests", "Tests\BocchiTracker.UnitTests\BocchiTracker.UnitTests.csproj", "{FE19C801-2DB0-4166-9516-9F0C40A206AF}"
EndProject
Project("{9A19103F-16F7-4668-BE54-9A1E7A4F7556}") = "IssueInfoCollector", "Models\IssueInfoCollector\IssueInfoCollector.csproj", "{B9CF3E8D-4599-40C6-9750-73783203AD2B}"
EndProject
Project("{9A19103F-16F7-4668-BE54-9A1E7A4F7556}") = "ServiceClientAdapters", "Models\ServiceClientAdapters\ServiceClientAdapters.csproj", "{1C806CC4-1BC0-4AD9-90A5-B7E9BBB462DD}"
EndProject
Project("{9A19103F-16F7-4668-BE54-9A1E7A4F7556}") = "ProcessLinkQuery", "Models\ProcessLinkQuery\ProcessLinkQuery.csproj", "{98D7A38A-C3D8-4047-9172-674317FE78CF}"
EndProject
Project("{9A19103F-16F7-4668-BE54-9A1E7A4F7556}") = "BocchiTracker.Client", "WPF\BocchiTracker.Client\BocchiTracker.Client.csproj", "{949ED95B-18C1-43B3-984D-9144D967C57B}"
	ProjectSection(ProjectDependencies) = postProject
		{ADEDB772-6FFB-4198-9107-1AD791899679} = {ADEDB772-6FFB-4198-9107-1AD791899679}
	EndProjectSection
EndProject
Project("{2150E333-8FDC-42A3-9474-1A3956D46DE8}") = "WPF", "WPF", "{12AAC0C3-970D-43F6-BD47-0B662B7157F6}"
EndProject
Project("{9A19103F-16F7-4668-BE54-9A1E7A4F7556}") = "BocchiTracker.Client.Config", "WPF\BocchiTracker.Client.Config\BocchiTracker.Client.Config.csproj", "{30DFA2A5-1CCB-4AF2-B49C-78D3774260E2}"
EndProject
Project("{2150E333-8FDC-42A3-9474-1A3956D46DE8}") = "Tests", "Tests", "{E876F453-952B-4D58-AA0E-1D95DFF58FB5}"
EndProject
Project("{9A19103F-16F7-4668-BE54-9A1E7A4F7556}") = "BocchiTracker.ConnectionTest", "Tests\BocchiTracker.ConnectionTest\BocchiTracker.ConnectionTest.csproj", "{ABF54AFD-B968-4600-A0E1-5364021E78D4}"
EndProject
Project("{9A19103F-16F7-4668-BE54-9A1E7A4F7556}") = "Config", "Models\Config\Config.csproj", "{E703C033-82F7-4294-B0CE-ACF9703FE0B6}"
EndProject
Project("{9A19103F-16F7-4668-BE54-9A1E7A4F7556}") = "ServiceClientData", "Models\ServiceClientData\ServiceClientData.csproj", "{84D6A2DD-327D-4CF4-AC94-8DF9A910E7A9}"
EndProject
Project("{9A19103F-16F7-4668-BE54-9A1E7A4F7556}") = "BocchiTracker.Client.Share", "WPF\BocchiTracker.Client.Share\BocchiTracker.Client.Share.csproj", "{D214D1D6-7DBA-4F53-B070-9672BA3F7CBA}"
EndProject
Project("{9A19103F-16F7-4668-BE54-9A1E7A4F7556}") = "GameCaptureRTC", "Models\GameCaptureRTC\GameCaptureRTC.csproj", "{ADEDB772-6FFB-4198-9107-1AD791899679}"
EndProject
Project("{9A19103F-16F7-4668-BE54-9A1E7A4F7556}") = "BocchiTracker.WebRTCTest", "Tests\BocchiTracker.WebRTCTest\BocchiTracker.WebRTCTest.csproj", "{B3675F7D-DF3F-4F0E-A9E0-9575381BC964}"
EndProject
Project("{2150E333-8FDC-42A3-9474-1A3956D46DE8}") = "ExternalTools", "ExternalTools", "{75B25179-1B35-461D-80AA-80EF52E7E101}"
EndProject
Project("{9A19103F-16F7-4668-BE54-9A1E7A4F7556}") = "websocket-sharp", "..\ExternalTools\websocket-sharp\websocket-sharp\websocket-sharp.csproj", "{0D0785D7-4A07-4FA0-919F-FD3AB6AED2F4}"
EndProject
Global
	GlobalSection(SolutionConfigurationPlatforms) = preSolution
		Debug|Any CPU = Debug|Any CPU
		Debug|x64 = Debug|x64
		Release|Any CPU = Release|Any CPU
		Release|x64 = Release|x64
	EndGlobalSection
	GlobalSection(ProjectConfigurationPlatforms) = postSolution
		{54957DCE-658B-4057-82DF-1AE2679DFCEB}.Debug|Any CPU.ActiveCfg = Debug|Any CPU
		{54957DCE-658B-4057-82DF-1AE2679DFCEB}.Debug|Any CPU.Build.0 = Debug|Any CPU
		{54957DCE-658B-4057-82DF-1AE2679DFCEB}.Debug|x64.ActiveCfg = Debug|Any CPU
		{54957DCE-658B-4057-82DF-1AE2679DFCEB}.Debug|x64.Build.0 = Debug|Any CPU
		{54957DCE-658B-4057-82DF-1AE2679DFCEB}.Release|Any CPU.ActiveCfg = Release|Any CPU
		{54957DCE-658B-4057-82DF-1AE2679DFCEB}.Release|Any CPU.Build.0 = Release|Any CPU
		{54957DCE-658B-4057-82DF-1AE2679DFCEB}.Release|x64.ActiveCfg = Release|Any CPU
		{54957DCE-658B-4057-82DF-1AE2679DFCEB}.Release|x64.Build.0 = Release|Any CPU
		{1F43C496-63EF-41D8-ADA0-39862677302E}.Debug|Any CPU.ActiveCfg = Debug|Any CPU
		{1F43C496-63EF-41D8-ADA0-39862677302E}.Debug|Any CPU.Build.0 = Debug|Any CPU
		{1F43C496-63EF-41D8-ADA0-39862677302E}.Debug|x64.ActiveCfg = Debug|Any CPU
		{1F43C496-63EF-41D8-ADA0-39862677302E}.Debug|x64.Build.0 = Debug|Any CPU
		{1F43C496-63EF-41D8-ADA0-39862677302E}.Release|Any CPU.ActiveCfg = Release|Any CPU
		{1F43C496-63EF-41D8-ADA0-39862677302E}.Release|Any CPU.Build.0 = Release|Any CPU
		{1F43C496-63EF-41D8-ADA0-39862677302E}.Release|x64.ActiveCfg = Release|Any CPU
		{1F43C496-63EF-41D8-ADA0-39862677302E}.Release|x64.Build.0 = Release|Any CPU
		{ECE3A759-0580-47DC-8FD9-17F3A987DA67}.Debug|Any CPU.ActiveCfg = Debug|Any CPU
		{ECE3A759-0580-47DC-8FD9-17F3A987DA67}.Debug|Any CPU.Build.0 = Debug|Any CPU
		{ECE3A759-0580-47DC-8FD9-17F3A987DA67}.Debug|x64.ActiveCfg = Debug|Any CPU
		{ECE3A759-0580-47DC-8FD9-17F3A987DA67}.Debug|x64.Build.0 = Debug|Any CPU
		{ECE3A759-0580-47DC-8FD9-17F3A987DA67}.Release|Any CPU.ActiveCfg = Release|Any CPU
		{ECE3A759-0580-47DC-8FD9-17F3A987DA67}.Release|Any CPU.Build.0 = Release|Any CPU
		{ECE3A759-0580-47DC-8FD9-17F3A987DA67}.Release|x64.ActiveCfg = Release|Any CPU
		{ECE3A759-0580-47DC-8FD9-17F3A987DA67}.Release|x64.Build.0 = Release|Any CPU
		{6E5DBE53-A122-4CF3-8881-3223C2918F2A}.Debug|Any CPU.ActiveCfg = Debug|Any CPU
		{6E5DBE53-A122-4CF3-8881-3223C2918F2A}.Debug|Any CPU.Build.0 = Debug|Any CPU
		{6E5DBE53-A122-4CF3-8881-3223C2918F2A}.Debug|x64.ActiveCfg = Debug|Any CPU
		{6E5DBE53-A122-4CF3-8881-3223C2918F2A}.Debug|x64.Build.0 = Debug|Any CPU
		{6E5DBE53-A122-4CF3-8881-3223C2918F2A}.Release|Any CPU.ActiveCfg = Release|Any CPU
		{6E5DBE53-A122-4CF3-8881-3223C2918F2A}.Release|Any CPU.Build.0 = Release|Any CPU
		{6E5DBE53-A122-4CF3-8881-3223C2918F2A}.Release|x64.ActiveCfg = Release|Any CPU
		{6E5DBE53-A122-4CF3-8881-3223C2918F2A}.Release|x64.Build.0 = Release|Any CPU
		{7F470DCB-EC9D-44A5-9E66-FAD44223951E}.Debug|Any CPU.ActiveCfg = Debug|Any CPU
		{7F470DCB-EC9D-44A5-9E66-FAD44223951E}.Debug|Any CPU.Build.0 = Debug|Any CPU
		{7F470DCB-EC9D-44A5-9E66-FAD44223951E}.Debug|x64.ActiveCfg = Debug|Any CPU
		{7F470DCB-EC9D-44A5-9E66-FAD44223951E}.Debug|x64.Build.0 = Debug|Any CPU
		{7F470DCB-EC9D-44A5-9E66-FAD44223951E}.Release|Any CPU.ActiveCfg = Release|Any CPU
		{7F470DCB-EC9D-44A5-9E66-FAD44223951E}.Release|Any CPU.Build.0 = Release|Any CPU
		{7F470DCB-EC9D-44A5-9E66-FAD44223951E}.Release|x64.ActiveCfg = Release|Any CPU
		{7F470DCB-EC9D-44A5-9E66-FAD44223951E}.Release|x64.Build.0 = Release|Any CPU
		{CA925BF6-4D4A-450E-98FC-F54B06662E54}.Debug|Any CPU.ActiveCfg = Debug|Any CPU
		{CA925BF6-4D4A-450E-98FC-F54B06662E54}.Debug|Any CPU.Build.0 = Debug|Any CPU
		{CA925BF6-4D4A-450E-98FC-F54B06662E54}.Debug|x64.ActiveCfg = Debug|Any CPU
		{CA925BF6-4D4A-450E-98FC-F54B06662E54}.Debug|x64.Build.0 = Debug|Any CPU
		{CA925BF6-4D4A-450E-98FC-F54B06662E54}.Release|Any CPU.ActiveCfg = Release|Any CPU
		{CA925BF6-4D4A-450E-98FC-F54B06662E54}.Release|Any CPU.Build.0 = Release|Any CPU
		{CA925BF6-4D4A-450E-98FC-F54B06662E54}.Release|x64.ActiveCfg = Release|Any CPU
		{CA925BF6-4D4A-450E-98FC-F54B06662E54}.Release|x64.Build.0 = Release|Any CPU
		{FE19C801-2DB0-4166-9516-9F0C40A206AF}.Debug|Any CPU.ActiveCfg = Debug|Any CPU
		{FE19C801-2DB0-4166-9516-9F0C40A206AF}.Debug|Any CPU.Build.0 = Debug|Any CPU
		{FE19C801-2DB0-4166-9516-9F0C40A206AF}.Debug|x64.ActiveCfg = Debug|Any CPU
		{FE19C801-2DB0-4166-9516-9F0C40A206AF}.Debug|x64.Build.0 = Debug|Any CPU
		{FE19C801-2DB0-4166-9516-9F0C40A206AF}.Release|Any CPU.ActiveCfg = Release|Any CPU
		{FE19C801-2DB0-4166-9516-9F0C40A206AF}.Release|Any CPU.Build.0 = Release|Any CPU
		{FE19C801-2DB0-4166-9516-9F0C40A206AF}.Release|x64.ActiveCfg = Release|Any CPU
		{FE19C801-2DB0-4166-9516-9F0C40A206AF}.Release|x64.Build.0 = Release|Any CPU
		{B9CF3E8D-4599-40C6-9750-73783203AD2B}.Debug|Any CPU.ActiveCfg = Debug|Any CPU
		{B9CF3E8D-4599-40C6-9750-73783203AD2B}.Debug|Any CPU.Build.0 = Debug|Any CPU
		{B9CF3E8D-4599-40C6-9750-73783203AD2B}.Debug|x64.ActiveCfg = Debug|Any CPU
		{B9CF3E8D-4599-40C6-9750-73783203AD2B}.Debug|x64.Build.0 = Debug|Any CPU
		{B9CF3E8D-4599-40C6-9750-73783203AD2B}.Release|Any CPU.ActiveCfg = Release|Any CPU
		{B9CF3E8D-4599-40C6-9750-73783203AD2B}.Release|Any CPU.Build.0 = Release|Any CPU
		{B9CF3E8D-4599-40C6-9750-73783203AD2B}.Release|x64.ActiveCfg = Release|Any CPU
		{B9CF3E8D-4599-40C6-9750-73783203AD2B}.Release|x64.Build.0 = Release|Any CPU
		{1C806CC4-1BC0-4AD9-90A5-B7E9BBB462DD}.Debug|Any CPU.ActiveCfg = Debug|Any CPU
		{1C806CC4-1BC0-4AD9-90A5-B7E9BBB462DD}.Debug|Any CPU.Build.0 = Debug|Any CPU
		{1C806CC4-1BC0-4AD9-90A5-B7E9BBB462DD}.Debug|x64.ActiveCfg = Debug|Any CPU
		{1C806CC4-1BC0-4AD9-90A5-B7E9BBB462DD}.Debug|x64.Build.0 = Debug|Any CPU
		{1C806CC4-1BC0-4AD9-90A5-B7E9BBB462DD}.Release|Any CPU.ActiveCfg = Release|Any CPU
		{1C806CC4-1BC0-4AD9-90A5-B7E9BBB462DD}.Release|Any CPU.Build.0 = Release|Any CPU
		{1C806CC4-1BC0-4AD9-90A5-B7E9BBB462DD}.Release|x64.ActiveCfg = Release|Any CPU
		{1C806CC4-1BC0-4AD9-90A5-B7E9BBB462DD}.Release|x64.Build.0 = Release|Any CPU
		{98D7A38A-C3D8-4047-9172-674317FE78CF}.Debug|Any CPU.ActiveCfg = Debug|Any CPU
		{98D7A38A-C3D8-4047-9172-674317FE78CF}.Debug|Any CPU.Build.0 = Debug|Any CPU
		{98D7A38A-C3D8-4047-9172-674317FE78CF}.Debug|x64.ActiveCfg = Debug|Any CPU
		{98D7A38A-C3D8-4047-9172-674317FE78CF}.Debug|x64.Build.0 = Debug|Any CPU
		{98D7A38A-C3D8-4047-9172-674317FE78CF}.Release|Any CPU.ActiveCfg = Release|Any CPU
		{98D7A38A-C3D8-4047-9172-674317FE78CF}.Release|Any CPU.Build.0 = Release|Any CPU
		{98D7A38A-C3D8-4047-9172-674317FE78CF}.Release|x64.ActiveCfg = Release|Any CPU
		{98D7A38A-C3D8-4047-9172-674317FE78CF}.Release|x64.Build.0 = Release|Any CPU
		{949ED95B-18C1-43B3-984D-9144D967C57B}.Debug|Any CPU.ActiveCfg = Debug|Any CPU
		{949ED95B-18C1-43B3-984D-9144D967C57B}.Debug|Any CPU.Build.0 = Debug|Any CPU
		{949ED95B-18C1-43B3-984D-9144D967C57B}.Debug|x64.ActiveCfg = Debug|Any CPU
		{949ED95B-18C1-43B3-984D-9144D967C57B}.Debug|x64.Build.0 = Debug|Any CPU
		{949ED95B-18C1-43B3-984D-9144D967C57B}.Release|Any CPU.ActiveCfg = Release|Any CPU
		{949ED95B-18C1-43B3-984D-9144D967C57B}.Release|Any CPU.Build.0 = Release|Any CPU
		{949ED95B-18C1-43B3-984D-9144D967C57B}.Release|x64.ActiveCfg = Release|Any CPU
		{949ED95B-18C1-43B3-984D-9144D967C57B}.Release|x64.Build.0 = Release|Any CPU
		{30DFA2A5-1CCB-4AF2-B49C-78D3774260E2}.Debug|Any CPU.ActiveCfg = Debug|Any CPU
		{30DFA2A5-1CCB-4AF2-B49C-78D3774260E2}.Debug|Any CPU.Build.0 = Debug|Any CPU
		{30DFA2A5-1CCB-4AF2-B49C-78D3774260E2}.Debug|x64.ActiveCfg = Debug|Any CPU
		{30DFA2A5-1CCB-4AF2-B49C-78D3774260E2}.Debug|x64.Build.0 = Debug|Any CPU
		{30DFA2A5-1CCB-4AF2-B49C-78D3774260E2}.Release|Any CPU.ActiveCfg = Release|Any CPU
		{30DFA2A5-1CCB-4AF2-B49C-78D3774260E2}.Release|Any CPU.Build.0 = Release|Any CPU
		{30DFA2A5-1CCB-4AF2-B49C-78D3774260E2}.Release|x64.ActiveCfg = Release|Any CPU
		{30DFA2A5-1CCB-4AF2-B49C-78D3774260E2}.Release|x64.Build.0 = Release|Any CPU
		{ABF54AFD-B968-4600-A0E1-5364021E78D4}.Debug|Any CPU.ActiveCfg = Debug|Any CPU
		{ABF54AFD-B968-4600-A0E1-5364021E78D4}.Debug|Any CPU.Build.0 = Debug|Any CPU
		{ABF54AFD-B968-4600-A0E1-5364021E78D4}.Debug|x64.ActiveCfg = Debug|Any CPU
		{ABF54AFD-B968-4600-A0E1-5364021E78D4}.Debug|x64.Build.0 = Debug|Any CPU
		{ABF54AFD-B968-4600-A0E1-5364021E78D4}.Release|Any CPU.ActiveCfg = Release|Any CPU
		{ABF54AFD-B968-4600-A0E1-5364021E78D4}.Release|Any CPU.Build.0 = Release|Any CPU
		{ABF54AFD-B968-4600-A0E1-5364021E78D4}.Release|x64.ActiveCfg = Release|Any CPU
		{ABF54AFD-B968-4600-A0E1-5364021E78D4}.Release|x64.Build.0 = Release|Any CPU
		{E703C033-82F7-4294-B0CE-ACF9703FE0B6}.Debug|Any CPU.ActiveCfg = Debug|Any CPU
		{E703C033-82F7-4294-B0CE-ACF9703FE0B6}.Debug|Any CPU.Build.0 = Debug|Any CPU
		{E703C033-82F7-4294-B0CE-ACF9703FE0B6}.Debug|x64.ActiveCfg = Debug|Any CPU
		{E703C033-82F7-4294-B0CE-ACF9703FE0B6}.Debug|x64.Build.0 = Debug|Any CPU
		{E703C033-82F7-4294-B0CE-ACF9703FE0B6}.Release|Any CPU.ActiveCfg = Release|Any CPU
		{E703C033-82F7-4294-B0CE-ACF9703FE0B6}.Release|Any CPU.Build.0 = Release|Any CPU
		{E703C033-82F7-4294-B0CE-ACF9703FE0B6}.Release|x64.ActiveCfg = Release|Any CPU
		{E703C033-82F7-4294-B0CE-ACF9703FE0B6}.Release|x64.Build.0 = Release|Any CPU
		{84D6A2DD-327D-4CF4-AC94-8DF9A910E7A9}.Debug|Any CPU.ActiveCfg = Debug|Any CPU
		{84D6A2DD-327D-4CF4-AC94-8DF9A910E7A9}.Debug|Any CPU.Build.0 = Debug|Any CPU
		{84D6A2DD-327D-4CF4-AC94-8DF9A910E7A9}.Debug|x64.ActiveCfg = Debug|Any CPU
		{84D6A2DD-327D-4CF4-AC94-8DF9A910E7A9}.Debug|x64.Build.0 = Debug|Any CPU
		{84D6A2DD-327D-4CF4-AC94-8DF9A910E7A9}.Release|Any CPU.ActiveCfg = Release|Any CPU
		{84D6A2DD-327D-4CF4-AC94-8DF9A910E7A9}.Release|Any CPU.Build.0 = Release|Any CPU
		{84D6A2DD-327D-4CF4-AC94-8DF9A910E7A9}.Release|x64.ActiveCfg = Release|Any CPU
		{84D6A2DD-327D-4CF4-AC94-8DF9A910E7A9}.Release|x64.Build.0 = Release|Any CPU
		{D214D1D6-7DBA-4F53-B070-9672BA3F7CBA}.Debug|Any CPU.ActiveCfg = Debug|Any CPU
		{D214D1D6-7DBA-4F53-B070-9672BA3F7CBA}.Debug|Any CPU.Build.0 = Debug|Any CPU
		{D214D1D6-7DBA-4F53-B070-9672BA3F7CBA}.Debug|x64.ActiveCfg = Debug|Any CPU
		{D214D1D6-7DBA-4F53-B070-9672BA3F7CBA}.Debug|x64.Build.0 = Debug|Any CPU
		{D214D1D6-7DBA-4F53-B070-9672BA3F7CBA}.Release|Any CPU.ActiveCfg = Release|Any CPU
		{D214D1D6-7DBA-4F53-B070-9672BA3F7CBA}.Release|Any CPU.Build.0 = Release|Any CPU
		{D214D1D6-7DBA-4F53-B070-9672BA3F7CBA}.Release|x64.ActiveCfg = Release|Any CPU
		{D214D1D6-7DBA-4F53-B070-9672BA3F7CBA}.Release|x64.Build.0 = Release|Any CPU
		{ADEDB772-6FFB-4198-9107-1AD791899679}.Debug|Any CPU.ActiveCfg = Debug|Any CPU
		{ADEDB772-6FFB-4198-9107-1AD791899679}.Debug|Any CPU.Build.0 = Debug|Any CPU
		{ADEDB772-6FFB-4198-9107-1AD791899679}.Debug|x64.ActiveCfg = Debug|Any CPU
		{ADEDB772-6FFB-4198-9107-1AD791899679}.Debug|x64.Build.0 = Debug|Any CPU
		{ADEDB772-6FFB-4198-9107-1AD791899679}.Release|Any CPU.ActiveCfg = Release|Any CPU
		{ADEDB772-6FFB-4198-9107-1AD791899679}.Release|Any CPU.Build.0 = Release|Any CPU
		{ADEDB772-6FFB-4198-9107-1AD791899679}.Release|x64.ActiveCfg = Release|Any CPU
		{ADEDB772-6FFB-4198-9107-1AD791899679}.Release|x64.Build.0 = Release|Any CPU
		{B3675F7D-DF3F-4F0E-A9E0-9575381BC964}.Debug|Any CPU.ActiveCfg = Debug|Any CPU
		{B3675F7D-DF3F-4F0E-A9E0-9575381BC964}.Debug|Any CPU.Build.0 = Debug|Any CPU
		{B3675F7D-DF3F-4F0E-A9E0-9575381BC964}.Debug|x64.ActiveCfg = Debug|x64
		{B3675F7D-DF3F-4F0E-A9E0-9575381BC964}.Debug|x64.Build.0 = Debug|x64
		{B3675F7D-DF3F-4F0E-A9E0-9575381BC964}.Release|Any CPU.ActiveCfg = Release|Any CPU
		{B3675F7D-DF3F-4F0E-A9E0-9575381BC964}.Release|Any CPU.Build.0 = Release|Any CPU
		{B3675F7D-DF3F-4F0E-A9E0-9575381BC964}.Release|x64.ActiveCfg = Release|x64
		{B3675F7D-DF3F-4F0E-A9E0-9575381BC964}.Release|x64.Build.0 = Release|x64
		{0D0785D7-4A07-4FA0-919F-FD3AB6AED2F4}.Debug|Any CPU.ActiveCfg = Debug|Any CPU
		{0D0785D7-4A07-4FA0-919F-FD3AB6AED2F4}.Debug|Any CPU.Build.0 = Debug|Any CPU
		{0D0785D7-4A07-4FA0-919F-FD3AB6AED2F4}.Debug|x64.ActiveCfg = Debug|Any CPU
		{0D0785D7-4A07-4FA0-919F-FD3AB6AED2F4}.Debug|x64.Build.0 = Debug|Any CPU
		{0D0785D7-4A07-4FA0-919F-FD3AB6AED2F4}.Release|Any CPU.ActiveCfg = Release|Any CPU
		{0D0785D7-4A07-4FA0-919F-FD3AB6AED2F4}.Release|Any CPU.Build.0 = Release|Any CPU
		{0D0785D7-4A07-4FA0-919F-FD3AB6AED2F4}.Release|x64.ActiveCfg = Release|Any CPU
		{0D0785D7-4A07-4FA0-919F-FD3AB6AED2F4}.Release|x64.Build.0 = Release|Any CPU
	EndGlobalSection
	GlobalSection(SolutionProperties) = preSolution
		HideSolutionNode = FALSE
	EndGlobalSection
	GlobalSection(NestedProjects) = preSolution
		{54957DCE-658B-4057-82DF-1AE2679DFCEB} = {D6B16B2E-F82F-4A31-A283-375B36BCF1E9}
		{1F43C496-63EF-41D8-ADA0-39862677302E} = {677ECDC0-9125-4E30-8B8C-E0CC5F98DFF5}
		{ECE3A759-0580-47DC-8FD9-17F3A987DA67} = {677ECDC0-9125-4E30-8B8C-E0CC5F98DFF5}
		{6E5DBE53-A122-4CF3-8881-3223C2918F2A} = {D6B16B2E-F82F-4A31-A283-375B36BCF1E9}
		{7F470DCB-EC9D-44A5-9E66-FAD44223951E} = {677ECDC0-9125-4E30-8B8C-E0CC5F98DFF5}
		{CA925BF6-4D4A-450E-98FC-F54B06662E54} = {677ECDC0-9125-4E30-8B8C-E0CC5F98DFF5}
		{D6B16B2E-F82F-4A31-A283-375B36BCF1E9} = {677ECDC0-9125-4E30-8B8C-E0CC5F98DFF5}
		{FE19C801-2DB0-4166-9516-9F0C40A206AF} = {E876F453-952B-4D58-AA0E-1D95DFF58FB5}
		{B9CF3E8D-4599-40C6-9750-73783203AD2B} = {D6B16B2E-F82F-4A31-A283-375B36BCF1E9}
		{1C806CC4-1BC0-4AD9-90A5-B7E9BBB462DD} = {677ECDC0-9125-4E30-8B8C-E0CC5F98DFF5}
		{98D7A38A-C3D8-4047-9172-674317FE78CF} = {677ECDC0-9125-4E30-8B8C-E0CC5F98DFF5}
		{949ED95B-18C1-43B3-984D-9144D967C57B} = {12AAC0C3-970D-43F6-BD47-0B662B7157F6}
		{30DFA2A5-1CCB-4AF2-B49C-78D3774260E2} = {12AAC0C3-970D-43F6-BD47-0B662B7157F6}
		{ABF54AFD-B968-4600-A0E1-5364021E78D4} = {E876F453-952B-4D58-AA0E-1D95DFF58FB5}
		{E703C033-82F7-4294-B0CE-ACF9703FE0B6} = {677ECDC0-9125-4E30-8B8C-E0CC5F98DFF5}
		{84D6A2DD-327D-4CF4-AC94-8DF9A910E7A9} = {677ECDC0-9125-4E30-8B8C-E0CC5F98DFF5}
		{D214D1D6-7DBA-4F53-B070-9672BA3F7CBA} = {12AAC0C3-970D-43F6-BD47-0B662B7157F6}
		{ADEDB772-6FFB-4198-9107-1AD791899679} = {677ECDC0-9125-4E30-8B8C-E0CC5F98DFF5}
		{B3675F7D-DF3F-4F0E-A9E0-9575381BC964} = {E876F453-952B-4D58-AA0E-1D95DFF58FB5}
		{0D0785D7-4A07-4FA0-919F-FD3AB6AED2F4} = {75B25179-1B35-461D-80AA-80EF52E7E101}
	EndGlobalSection
	GlobalSection(ExtensibilityGlobals) = postSolution
		SolutionGuid = {F04B3FFB-34D2-4BBE-85BA-F28DEE1BCAB6}
	EndGlobalSection
EndGlobal
